
Microsoft Visual Studio Solution File, Format Version 12.00
# Visual Studio 15
VisualStudioVersion = 15.0.28010.2041
MinimumVisualStudioVersion = 10.0.40219.1
Project("{9A19103F-16F7-4668-BE54-9A1E7A4F7556}") = "LearningBlazor", "LearningBlazor\LearningBlazor.csproj", "{4410E10A-4346-4F87-93A7-E493FF10A63F}"
EndProject
Project("{FAE04EC0-301F-11D3-BF4B-00C04F79EFBC}") = "LearningBlazor.Chat", "LearningBlazor.Chat\LearningBlazor.Chat.csproj", "{FDF789F3-18D8-4178-AA75-AE6B9AE40517}"
EndProject
Global
	GlobalSection(SolutionConfigurationPlatforms) = preSolution
		Debug|Any CPU = Debug|Any CPU
		Release|Any CPU = Release|Any CPU
	EndGlobalSection
	GlobalSection(ProjectConfigurationPlatforms) = postSolution
		{4410E10A-4346-4F87-93A7-E493FF10A63F}.Debug|Any CPU.ActiveCfg = Debug|Any CPU
		{4410E10A-4346-4F87-93A7-E493FF10A63F}.Debug|Any CPU.Build.0 = Debug|Any CPU
		{4410E10A-4346-4F87-93A7-E493FF10A63F}.Release|Any CPU.ActiveCfg = Release|Any CPU
		{4410E10A-4346-4F87-93A7-E493FF10A63F}.Release|Any CPU.Build.0 = Release|Any CPU
		{FDF789F3-18D8-4178-AA75-AE6B9AE40517}.Debug|Any CPU.ActiveCfg = Debug|Any CPU
		{FDF789F3-18D8-4178-AA75-AE6B9AE40517}.Debug|Any CPU.Build.0 = Debug|Any CPU
		{FDF789F3-18D8-4178-AA75-AE6B9AE40517}.Release|Any CPU.ActiveCfg = Release|Any CPU
		{FDF789F3-18D8-4178-AA75-AE6B9AE40517}.Release|Any CPU.Build.0 = Release|Any CPU
	EndGlobalSection
	GlobalSection(SolutionProperties) = preSolution
		HideSolutionNode = FALSE
	EndGlobalSection
	GlobalSection(ExtensibilityGlobals) = postSolution
		SolutionGuid = {561FD3F1-9E7A-4503-80B0-C81C298D368B}
	EndGlobalSection
EndGlobal
